// !$*UTF8*$!
{
	archiveVersion = 1;
	classes = {
	};
	objectVersion = 56;
	objects = {

/* Begin PBXBuildFile section */
		E81998ED2C3BF72E002E9F72 /* SettingsHeaderView.swift in Sources */ = {isa = PBXBuildFile; fileRef = E81998EC2C3BF72E002E9F72 /* SettingsHeaderView.swift */; };
		E81998EF2C3BF7E7002E9F72 /* SettingsCell.swift in Sources */ = {isa = PBXBuildFile; fileRef = E81998EE2C3BF7E7002E9F72 /* SettingsCell.swift */; };
		E81998F22C3C0522002E9F72 /* SettingsCellViewModel.swift in Sources */ = {isa = PBXBuildFile; fileRef = E81998F12C3C0522002E9F72 /* SettingsCellViewModel.swift */; };
		E866D8982C3A92D700E15969 /* MessageMeApp.swift in Sources */ = {isa = PBXBuildFile; fileRef = E866D8972C3A92D700E15969 /* MessageMeApp.swift */; };
		E866D89A2C3A92D700E15969 /* ContentView.swift in Sources */ = {isa = PBXBuildFile; fileRef = E866D8992C3A92D700E15969 /* ContentView.swift */; };
		E866D89C2C3A92D900E15969 /* Assets.xcassets in Resources */ = {isa = PBXBuildFile; fileRef = E866D89B2C3A92D900E15969 /* Assets.xcassets */; };
		E866D89F2C3A92D900E15969 /* Preview Assets.xcassets in Resources */ = {isa = PBXBuildFile; fileRef = E866D89E2C3A92D900E15969 /* Preview Assets.xcassets */; };
		E866D8AE2C3A981C00E15969 /* LoginView.swift in Sources */ = {isa = PBXBuildFile; fileRef = E866D8AD2C3A981C00E15969 /* LoginView.swift */; };
		E866D8B02C3A983C00E15969 /* RegisterView.swift in Sources */ = {isa = PBXBuildFile; fileRef = E866D8AF2C3A983C00E15969 /* RegisterView.swift */; };
		E866D8B32C3AAE2C00E15969 /* CustomTextField.swift in Sources */ = {isa = PBXBuildFile; fileRef = E866D8B22C3AAE2C00E15969 /* CustomTextField.swift */; };
		E866D8B52C3AB02000E15969 /* CustomButton.swift in Sources */ = {isa = PBXBuildFile; fileRef = E866D8B42C3AB02000E15969 /* CustomButton.swift */; };
		E866D8B82C3ADF8C00E15969 /* MainTabView.swift in Sources */ = {isa = PBXBuildFile; fileRef = E866D8B72C3ADF8C00E15969 /* MainTabView.swift */; };
		E866D8BD2C3AE17B00E15969 /* ChannelsView.swift in Sources */ = {isa = PBXBuildFile; fileRef = E866D8BC2C3AE17B00E15969 /* ChannelsView.swift */; };
		E866D8BF2C3AE18500E15969 /* ChatsView.swift in Sources */ = {isa = PBXBuildFile; fileRef = E866D8BE2C3AE18500E15969 /* ChatsView.swift */; };
		E866D8C12C3AE19100E15969 /* SettingsView.swift in Sources */ = {isa = PBXBuildFile; fileRef = E866D8C02C3AE19100E15969 /* SettingsView.swift */; };
		E866D8C42C3AE1D300E15969 /* ConversationView.swift in Sources */ = {isa = PBXBuildFile; fileRef = E866D8C32C3AE1D300E15969 /* ConversationView.swift */; };
/* End PBXBuildFile section */

/* Begin PBXFileReference section */
		E81998EC2C3BF72E002E9F72 /* SettingsHeaderView.swift */ = {isa = PBXFileReference; lastKnownFileType = sourcecode.swift; path = SettingsHeaderView.swift; sourceTree = "<group>"; };
		E81998EE2C3BF7E7002E9F72 /* SettingsCell.swift */ = {isa = PBXFileReference; lastKnownFileType = sourcecode.swift; path = SettingsCell.swift; sourceTree = "<group>"; };
		E81998F12C3C0522002E9F72 /* SettingsCellViewModel.swift */ = {isa = PBXFileReference; lastKnownFileType = sourcecode.swift; path = SettingsCellViewModel.swift; sourceTree = "<group>"; };
		E866D8942C3A92D700E15969 /* MessageMe.app */ = {isa = PBXFileReference; explicitFileType = wrapper.application; includeInIndex = 0; path = MessageMe.app; sourceTree = BUILT_PRODUCTS_DIR; };
		E866D8972C3A92D700E15969 /* MessageMeApp.swift */ = {isa = PBXFileReference; lastKnownFileType = sourcecode.swift; path = MessageMeApp.swift; sourceTree = "<group>"; };
		E866D8992C3A92D700E15969 /* ContentView.swift */ = {isa = PBXFileReference; lastKnownFileType = sourcecode.swift; path = ContentView.swift; sourceTree = "<group>"; };
		E866D89B2C3A92D900E15969 /* Assets.xcassets */ = {isa = PBXFileReference; lastKnownFileType = folder.assetcatalog; path = Assets.xcassets; sourceTree = "<group>"; };
		E866D89E2C3A92D900E15969 /* Preview Assets.xcassets */ = {isa = PBXFileReference; lastKnownFileType = folder.assetcatalog; path = "Preview Assets.xcassets"; sourceTree = "<group>"; };
		E866D8AD2C3A981C00E15969 /* LoginView.swift */ = {isa = PBXFileReference; lastKnownFileType = sourcecode.swift; path = LoginView.swift; sourceTree = "<group>"; };
		E866D8AF2C3A983C00E15969 /* RegisterView.swift */ = {isa = PBXFileReference; lastKnownFileType = sourcecode.swift; path = RegisterView.swift; sourceTree = "<group>"; };
		E866D8B22C3AAE2C00E15969 /* CustomTextField.swift */ = {isa = PBXFileReference; lastKnownFileType = sourcecode.swift; path = CustomTextField.swift; sourceTree = "<group>"; };
		E866D8B42C3AB02000E15969 /* CustomButton.swift */ = {isa = PBXFileReference; lastKnownFileType = sourcecode.swift; path = CustomButton.swift; sourceTree = "<group>"; };
		E866D8B72C3ADF8C00E15969 /* MainTabView.swift */ = {isa = PBXFileReference; lastKnownFileType = sourcecode.swift; path = MainTabView.swift; sourceTree = "<group>"; };
		E866D8BC2C3AE17B00E15969 /* ChannelsView.swift */ = {isa = PBXFileReference; lastKnownFileType = sourcecode.swift; path = ChannelsView.swift; sourceTree = "<group>"; };
		E866D8BE2C3AE18500E15969 /* ChatsView.swift */ = {isa = PBXFileReference; lastKnownFileType = sourcecode.swift; path = ChatsView.swift; sourceTree = "<group>"; };
		E866D8C02C3AE19100E15969 /* SettingsView.swift */ = {isa = PBXFileReference; lastKnownFileType = sourcecode.swift; path = SettingsView.swift; sourceTree = "<group>"; };
		E866D8C32C3AE1D300E15969 /* ConversationView.swift */ = {isa = PBXFileReference; lastKnownFileType = sourcecode.swift; path = ConversationView.swift; sourceTree = "<group>"; };
/* End PBXFileReference section */

/* Begin PBXFrameworksBuildPhase section */
		E866D8912C3A92D700E15969 /* Frameworks */ = {
			isa = PBXFrameworksBuildPhase;
			buildActionMask = 2147483647;
			files = (
			);
			runOnlyForDeploymentPostprocessing = 0;
		};
/* End PBXFrameworksBuildPhase section */

/* Begin PBXGroup section */
		E81998F02C3C0510002E9F72 /* Settings */ = {
			isa = PBXGroup;
			children = (
				E81998F12C3C0522002E9F72 /* SettingsCellViewModel.swift */,
			);
			path = Settings;
			sourceTree = "<group>";
		};
		E866D88B2C3A92D700E15969 = {
			isa = PBXGroup;
			children = (
				E866D8962C3A92D700E15969 /* MessageMe */,
				E866D8952C3A92D700E15969 /* Products */,
			);
			sourceTree = "<group>";
		};
		E866D8952C3A92D700E15969 /* Products */ = {
			isa = PBXGroup;
			children = (
				E866D8942C3A92D700E15969 /* MessageMe.app */,
			);
			name = Products;
			sourceTree = "<group>";
		};
		E866D8962C3A92D700E15969 /* MessageMe */ = {
			isa = PBXGroup;
			children = (
				E866D8AB2C3A93E100E15969 /* Utils */,
				E866D8AA2C3A936000E15969 /* Model */,
				E866D8A92C3A935C00E15969 /* View */,
				E866D8A82C3A935A00E15969 /* ViewModel */,
				E866D8A52C3A934400E15969 /* API */,
				E866D8972C3A92D700E15969 /* MessageMeApp.swift */,
				E866D8992C3A92D700E15969 /* ContentView.swift */,
				E866D89B2C3A92D900E15969 /* Assets.xcassets */,
				E866D89D2C3A92D900E15969 /* Preview Content */,
			);
			path = MessageMe;
			sourceTree = "<group>";
		};
		E866D89D2C3A92D900E15969 /* Preview Content */ = {
			isa = PBXGroup;
			children = (
				E866D89E2C3A92D900E15969 /* Preview Assets.xcassets */,
			);
			path = "Preview Content";
			sourceTree = "<group>";
		};
		E866D8A52C3A934400E15969 /* API */ = {
			isa = PBXGroup;
			children = (
			);
			path = API;
			sourceTree = "<group>";
		};
		E866D8A82C3A935A00E15969 /* ViewModel */ = {
			isa = PBXGroup;
			children = (
				E81998F02C3C0510002E9F72 /* Settings */,
			);
			path = ViewModel;
			sourceTree = "<group>";
		};
		E866D8A92C3A935C00E15969 /* View */ = {
			isa = PBXGroup;
			children = (
				E866D8C22C3AE1C200E15969 /* Conversations */,
				E866D8BB2C3AE16D00E15969 /* Settings */,
				E866D8BA2C3AE16600E15969 /* Chats */,
				E866D8B92C3AE15E00E15969 /* Channels */,
				E866D8B62C3ADF5A00E15969 /* Main */,
				E866D8AC2C3A97EE00E15969 /* Authentication */,
			);
			path = View;
			sourceTree = "<group>";
		};
		E866D8AA2C3A936000E15969 /* Model */ = {
			isa = PBXGroup;
			children = (
			);
			path = Model;
			sourceTree = "<group>";
		};
		E866D8AB2C3A93E100E15969 /* Utils */ = {
			isa = PBXGroup;
			children = (
				E866D8B12C3AAE1500E15969 /* Views */,
			);
			path = Utils;
			sourceTree = "<group>";
		};
		E866D8AC2C3A97EE00E15969 /* Authentication */ = {
			isa = PBXGroup;
			children = (
				E866D8AD2C3A981C00E15969 /* LoginView.swift */,
				E866D8AF2C3A983C00E15969 /* RegisterView.swift */,
			);
			path = Authentication;
			sourceTree = "<group>";
		};
		E866D8B12C3AAE1500E15969 /* Views */ = {
			isa = PBXGroup;
			children = (
				E866D8B22C3AAE2C00E15969 /* CustomTextField.swift */,
				E866D8B42C3AB02000E15969 /* CustomButton.swift */,
			);
			path = Views;
			sourceTree = "<group>";
		};
		E866D8B62C3ADF5A00E15969 /* Main */ = {
			isa = PBXGroup;
			children = (
				E866D8B72C3ADF8C00E15969 /* MainTabView.swift */,
			);
			path = Main;
			sourceTree = "<group>";
		};
		E866D8B92C3AE15E00E15969 /* Channels */ = {
			isa = PBXGroup;
			children = (
				E866D8BC2C3AE17B00E15969 /* ChannelsView.swift */,
			);
			path = Channels;
			sourceTree = "<group>";
		};
		E866D8BA2C3AE16600E15969 /* Chats */ = {
			isa = PBXGroup;
			children = (
				E866D8BE2C3AE18500E15969 /* ChatsView.swift */,
			);
			path = Chats;
			sourceTree = "<group>";
		};
		E866D8BB2C3AE16D00E15969 /* Settings */ = {
			isa = PBXGroup;
			children = (
				E866D8C02C3AE19100E15969 /* SettingsView.swift */,
				E81998EC2C3BF72E002E9F72 /* SettingsHeaderView.swift */,
				E81998EE2C3BF7E7002E9F72 /* SettingsCell.swift */,
			);
			path = Settings;
			sourceTree = "<group>";
		};
		E866D8C22C3AE1C200E15969 /* Conversations */ = {
			isa = PBXGroup;
			children = (
				E866D8C32C3AE1D300E15969 /* ConversationView.swift */,
			);
			path = Conversations;
			sourceTree = "<group>";
		};
/* End PBXGroup section */

/* Begin PBXNativeTarget section */
		E866D8932C3A92D700E15969 /* MessageMe */ = {
			isa = PBXNativeTarget;
			buildConfigurationList = E866D8A22C3A92D900E15969 /* Build configuration list for PBXNativeTarget "MessageMe" */;
			buildPhases = (
				E866D8902C3A92D700E15969 /* Sources */,
				E866D8912C3A92D700E15969 /* Frameworks */,
				E866D8922C3A92D700E15969 /* Resources */,
			);
			buildRules = (
			);
			dependencies = (
			);
			name = MessageMe;
			productName = MessageMe;
			productReference = E866D8942C3A92D700E15969 /* MessageMe.app */;
			productType = "com.apple.product-type.application";
		};
/* End PBXNativeTarget section */

/* Begin PBXProject section */
		E866D88C2C3A92D700E15969 /* Project object */ = {
			isa = PBXProject;
			attributes = {
				BuildIndependentTargetsInParallel = 1;
				LastSwiftUpdateCheck = 1540;
				LastUpgradeCheck = 1540;
				TargetAttributes = {
					E866D8932C3A92D700E15969 = {
						CreatedOnToolsVersion = 15.4;
					};
				};
			};
			buildConfigurationList = E866D88F2C3A92D700E15969 /* Build configuration list for PBXProject "MessageMe" */;
			compatibilityVersion = "Xcode 14.0";
			developmentRegion = en;
			hasScannedForEncodings = 0;
			knownRegions = (
				en,
				Base,
			);
			mainGroup = E866D88B2C3A92D700E15969;
			productRefGroup = E866D8952C3A92D700E15969 /* Products */;
			projectDirPath = "";
			projectRoot = "";
			targets = (
				E866D8932C3A92D700E15969 /* MessageMe */,
			);
		};
/* End PBXProject section */

/* Begin PBXResourcesBuildPhase section */
		E866D8922C3A92D700E15969 /* Resources */ = {
			isa = PBXResourcesBuildPhase;
			buildActionMask = 2147483647;
			files = (
				E866D89F2C3A92D900E15969 /* Preview Assets.xcassets in Resources */,
				E866D89C2C3A92D900E15969 /* Assets.xcassets in Resources */,
			);
			runOnlyForDeploymentPostprocessing = 0;
		};
/* End PBXResourcesBuildPhase section */

/* Begin PBXSourcesBuildPhase section */
		E866D8902C3A92D700E15969 /* Sources */ = {
			isa = PBXSourcesBuildPhase;
			buildActionMask = 2147483647;
			files = (
				E81998ED2C3BF72E002E9F72 /* SettingsHeaderView.swift in Sources */,
				E866D8AE2C3A981C00E15969 /* LoginView.swift in Sources */,
				E866D8B02C3A983C00E15969 /* RegisterView.swift in Sources */,
				E866D8B52C3AB02000E15969 /* CustomButton.swift in Sources */,
				E81998EF2C3BF7E7002E9F72 /* SettingsCell.swift in Sources */,
				E866D89A2C3A92D700E15969 /* ContentView.swift in Sources */,
				E866D8BD2C3AE17B00E15969 /* ChannelsView.swift in Sources */,
				E866D8C12C3AE19100E15969 /* SettingsView.swift in Sources */,
				E866D8B82C3ADF8C00E15969 /* MainTabView.swift in Sources */,
				E81998F22C3C0522002E9F72 /* SettingsCellViewModel.swift in Sources */,
				E866D8BF2C3AE18500E15969 /* ChatsView.swift in Sources */,
				E866D8982C3A92D700E15969 /* MessageMeApp.swift in Sources */,
				E866D8C42C3AE1D300E15969 /* ConversationView.swift in Sources */,
				E866D8B32C3AAE2C00E15969 /* CustomTextField.swift in Sources */,
			);
			runOnlyForDeploymentPostprocessing = 0;
		};
/* End PBXSourcesBuildPhase section */

/* Begin XCBuildConfiguration section */
		E866D8A02C3A92D900E15969 /* Debug */ = {
			isa = XCBuildConfiguration;
			buildSettings = {
				ALWAYS_SEARCH_USER_PATHS = NO;
				ASSETCATALOG_COMPILER_GENERATE_SWIFT_ASSET_SYMBOL_EXTENSIONS = YES;
				CLANG_ANALYZER_NONNULL = YES;
				CLANG_ANALYZER_NUMBER_OBJECT_CONVERSION = YES_AGGRESSIVE;
				CLANG_CXX_LANGUAGE_STANDARD = "gnu++20";
				CLANG_ENABLE_MODULES = YES;
				CLANG_ENABLE_OBJC_ARC = YES;
				CLANG_ENABLE_OBJC_WEAK = YES;
				CLANG_WARN_BLOCK_CAPTURE_AUTORELEASING = YES;
				CLANG_WARN_BOOL_CONVERSION = YES;
				CLANG_WARN_COMMA = YES;
				CLANG_WARN_CONSTANT_CONVERSION = YES;
				CLANG_WARN_DEPRECATED_OBJC_IMPLEMENTATIONS = YES;
				CLANG_WARN_DIRECT_OBJC_ISA_USAGE = YES_ERROR;
				CLANG_WARN_DOCUMENTATION_COMMENTS = YES;
				CLANG_WARN_EMPTY_BODY = YES;
				CLANG_WARN_ENUM_CONVERSION = YES;
				CLANG_WARN_INFINITE_RECURSION = YES;
				CLANG_WARN_INT_CONVERSION = YES;
				CLANG_WARN_NON_LITERAL_NULL_CONVERSION = YES;
				CLANG_WARN_OBJC_IMPLICIT_RETAIN_SELF = YES;
				CLANG_WARN_OBJC_LITERAL_CONVERSION = YES;
				CLANG_WARN_OBJC_ROOT_CLASS = YES_ERROR;
				CLANG_WARN_QUOTED_INCLUDE_IN_FRAMEWORK_HEADER = YES;
				CLANG_WARN_RANGE_LOOP_ANALYSIS = YES;
				CLANG_WARN_STRICT_PROTOTYPES = YES;
				CLANG_WARN_SUSPICIOUS_MOVE = YES;
				CLANG_WARN_UNGUARDED_AVAILABILITY = YES_AGGRESSIVE;
				CLANG_WARN_UNREACHABLE_CODE = YES;
				CLANG_WARN__DUPLICATE_METHOD_MATCH = YES;
				COPY_PHASE_STRIP = NO;
				DEBUG_INFORMATION_FORMAT = dwarf;
				ENABLE_STRICT_OBJC_MSGSEND = YES;
				ENABLE_TESTABILITY = YES;
				ENABLE_USER_SCRIPT_SANDBOXING = YES;
				GCC_C_LANGUAGE_STANDARD = gnu17;
				GCC_DYNAMIC_NO_PIC = NO;
				GCC_NO_COMMON_BLOCKS = YES;
				GCC_OPTIMIZATION_LEVEL = 0;
				GCC_PREPROCESSOR_DEFINITIONS = (
					"DEBUG=1",
					"$(inherited)",
				);
				GCC_WARN_64_TO_32_BIT_CONVERSION = YES;
				GCC_WARN_ABOUT_RETURN_TYPE = YES_ERROR;
				GCC_WARN_UNDECLARED_SELECTOR = YES;
				GCC_WARN_UNINITIALIZED_AUTOS = YES_AGGRESSIVE;
				GCC_WARN_UNUSED_FUNCTION = YES;
				GCC_WARN_UNUSED_VARIABLE = YES;
				IPHONEOS_DEPLOYMENT_TARGET = 17.5;
				LOCALIZATION_PREFERS_STRING_CATALOGS = YES;
				MTL_ENABLE_DEBUG_INFO = INCLUDE_SOURCE;
				MTL_FAST_MATH = YES;
				ONLY_ACTIVE_ARCH = YES;
				SDKROOT = iphoneos;
				SWIFT_ACTIVE_COMPILATION_CONDITIONS = "DEBUG $(inherited)";
				SWIFT_OPTIMIZATION_LEVEL = "-Onone";
			};
			name = Debug;
		};
		E866D8A12C3A92D900E15969 /* Release */ = {
			isa = XCBuildConfiguration;
			buildSettings = {
				ALWAYS_SEARCH_USER_PATHS = NO;
				ASSETCATALOG_COMPILER_GENERATE_SWIFT_ASSET_SYMBOL_EXTENSIONS = YES;
				CLANG_ANALYZER_NONNULL = YES;
				CLANG_ANALYZER_NUMBER_OBJECT_CONVERSION = YES_AGGRESSIVE;
				CLANG_CXX_LANGUAGE_STANDARD = "gnu++20";
				CLANG_ENABLE_MODULES = YES;
				CLANG_ENABLE_OBJC_ARC = YES;
				CLANG_ENABLE_OBJC_WEAK = YES;
				CLANG_WARN_BLOCK_CAPTURE_AUTORELEASING = YES;
				CLANG_WARN_BOOL_CONVERSION = YES;
				CLANG_WARN_COMMA = YES;
				CLANG_WARN_CONSTANT_CONVERSION = YES;
				CLANG_WARN_DEPRECATED_OBJC_IMPLEMENTATIONS = YES;
				CLANG_WARN_DIRECT_OBJC_ISA_USAGE = YES_ERROR;
				CLANG_WARN_DOCUMENTATION_COMMENTS = YES;
				CLANG_WARN_EMPTY_BODY = YES;
				CLANG_WARN_ENUM_CONVERSION = YES;
				CLANG_WARN_INFINITE_RECURSION = YES;
				CLANG_WARN_INT_CONVERSION = YES;
				CLANG_WARN_NON_LITERAL_NULL_CONVERSION = YES;
				CLANG_WARN_OBJC_IMPLICIT_RETAIN_SELF = YES;
				CLANG_WARN_OBJC_LITERAL_CONVERSION = YES;
				CLANG_WARN_OBJC_ROOT_CLASS = YES_ERROR;
				CLANG_WARN_QUOTED_INCLUDE_IN_FRAMEWORK_HEADER = YES;
				CLANG_WARN_RANGE_LOOP_ANALYSIS = YES;
				CLANG_WARN_STRICT_PROTOTYPES = YES;
				CLANG_WARN_SUSPICIOUS_MOVE = YES;
				CLANG_WARN_UNGUARDED_AVAILABILITY = YES_AGGRESSIVE;
				CLANG_WARN_UNREACHABLE_CODE = YES;
				CLANG_WARN__DUPLICATE_METHOD_MATCH = YES;
				COPY_PHASE_STRIP = NO;
				DEBUG_INFORMATION_FORMAT = "dwarf-with-dsym";
				ENABLE_NS_ASSERTIONS = NO;
				ENABLE_STRICT_OBJC_MSGSEND = YES;
				ENABLE_USER_SCRIPT_SANDBOXING = YES;
				GCC_C_LANGUAGE_STANDARD = gnu17;
				GCC_NO_COMMON_BLOCKS = YES;
				GCC_WARN_64_TO_32_BIT_CONVERSION = YES;
				GCC_WARN_ABOUT_RETURN_TYPE = YES_ERROR;
				GCC_WARN_UNDECLARED_SELECTOR = YES;
				GCC_WARN_UNINITIALIZED_AUTOS = YES_AGGRESSIVE;
				GCC_WARN_UNUSED_FUNCTION = YES;
				GCC_WARN_UNUSED_VARIABLE = YES;
				IPHONEOS_DEPLOYMENT_TARGET = 17.5;
				LOCALIZATION_PREFERS_STRING_CATALOGS = YES;
				MTL_ENABLE_DEBUG_INFO = NO;
				MTL_FAST_MATH = YES;
				SDKROOT = iphoneos;
				SWIFT_COMPILATION_MODE = wholemodule;
				VALIDATE_PRODUCT = YES;
			};
			name = Release;
		};
		E866D8A32C3A92D900E15969 /* Debug */ = {
			isa = XCBuildConfiguration;
			buildSettings = {
				ASSETCATALOG_COMPILER_APPICON_NAME = AppIcon;
				ASSETCATALOG_COMPILER_GLOBAL_ACCENT_COLOR_NAME = AccentColor;
				CODE_SIGN_STYLE = Automatic;
				CURRENT_PROJECT_VERSION = 1;
				DEVELOPMENT_ASSET_PATHS = "\"MessageMe/Preview Content\"";
				DEVELOPMENT_TEAM = 9ZR9YLQLYW;
				ENABLE_PREVIEWS = YES;
				GENERATE_INFOPLIST_FILE = YES;
				INFOPLIST_KEY_UIApplicationSceneManifest_Generation = YES;
				INFOPLIST_KEY_UIApplicationSupportsIndirectInputEvents = YES;
				INFOPLIST_KEY_UILaunchScreen_Generation = YES;
				INFOPLIST_KEY_UISupportedInterfaceOrientations_iPad = "UIInterfaceOrientationPortrait UIInterfaceOrientationPortraitUpsideDown UIInterfaceOrientationLandscapeLeft UIInterfaceOrientationLandscapeRight";
				INFOPLIST_KEY_UISupportedInterfaceOrientations_iPhone = "UIInterfaceOrientationPortrait UIInterfaceOrientationLandscapeLeft UIInterfaceOrientationLandscapeRight";
				LD_RUNPATH_SEARCH_PATHS = (
					"$(inherited)",
					"@executable_path/Frameworks",
				);
				MARKETING_VERSION = 1.0;
				PRODUCT_BUNDLE_IDENTIFIER = com.rabieHs.MessageMe;
				PRODUCT_NAME = "$(TARGET_NAME)";
				SWIFT_EMIT_LOC_STRINGS = YES;
				SWIFT_VERSION = 5.0;
				TARGETED_DEVICE_FAMILY = "1,2";
			};
			name = Debug;
		};
		E866D8A42C3A92D900E15969 /* Release */ = {
			isa = XCBuildConfiguration;
			buildSettings = {
				ASSETCATALOG_COMPILER_APPICON_NAME = AppIcon;
				ASSETCATALOG_COMPILER_GLOBAL_ACCENT_COLOR_NAME = AccentColor;
				CODE_SIGN_STYLE = Automatic;
				CURRENT_PROJECT_VERSION = 1;
				DEVELOPMENT_ASSET_PATHS = "\"MessageMe/Preview Content\"";
				DEVELOPMENT_TEAM = 9ZR9YLQLYW;
				ENABLE_PREVIEWS = YES;
				GENERATE_INFOPLIST_FILE = YES;
				INFOPLIST_KEY_UIApplicationSceneManifest_Generation = YES;
				INFOPLIST_KEY_UIApplicationSupportsIndirectInputEvents = YES;
				INFOPLIST_KEY_UILaunchScreen_Generation = YES;
				INFOPLIST_KEY_UISupportedInterfaceOrientations_iPad = "UIInterfaceOrientationPortrait UIInterfaceOrientationPortraitUpsideDown UIInterfaceOrientationLandscapeLeft UIInterfaceOrientationLandscapeRight";
				INFOPLIST_KEY_UISupportedInterfaceOrientations_iPhone = "UIInterfaceOrientationPortrait UIInterfaceOrientationLandscapeLeft UIInterfaceOrientationLandscapeRight";
				LD_RUNPATH_SEARCH_PATHS = (
					"$(inherited)",
					"@executable_path/Frameworks",
				);
				MARKETING_VERSION = 1.0;
				PRODUCT_BUNDLE_IDENTIFIER = com.rabieHs.MessageMe;
				PRODUCT_NAME = "$(TARGET_NAME)";
				SWIFT_EMIT_LOC_STRINGS = YES;
				SWIFT_VERSION = 5.0;
				TARGETED_DEVICE_FAMILY = "1,2";
			};
			name = Release;
		};
/* End XCBuildConfiguration section */

/* Begin XCConfigurationList section */
		E866D88F2C3A92D700E15969 /* Build configuration list for PBXProject "MessageMe" */ = {
			isa = XCConfigurationList;
			buildConfigurations = (
				E866D8A02C3A92D900E15969 /* Debug */,
				E866D8A12C3A92D900E15969 /* Release */,
			);
			defaultConfigurationIsVisible = 0;
			defaultConfigurationName = Release;
		};
		E866D8A22C3A92D900E15969 /* Build configuration list for PBXNativeTarget "MessageMe" */ = {
			isa = XCConfigurationList;
			buildConfigurations = (
				E866D8A32C3A92D900E15969 /* Debug */,
				E866D8A42C3A92D900E15969 /* Release */,
			);
			defaultConfigurationIsVisible = 0;
			defaultConfigurationName = Release;
		};
/* End XCConfigurationList section */
	};
	rootObject = E866D88C2C3A92D700E15969 /* Project object */;
}
